schema: '2.0'
stages:
  train:
    cmd: python train.py
    deps:
    - path: data
      md5: b8f4d5a78e55e88906d5f4aeaf43802e.dir
      size: 41149064
      nfiles: 1800
    - path: train.py
      md5: 919a317444737b203594e5b4a9055ca0
      size: 4260
    outs:
    - path: bottleneck_features_train.npy
      md5: 9418c4dbc32f16c28d0bdf582e3ade2a
      size: 32768128
    - path: bottleneck_features_validation.npy
      md5: 4e653934d3ddd8cdecdb12714ebe1c97
      size: 26214528
    - path: metrics.csv
      md5: fa9aead36674bdb4c34d71758af2c4bd
      size: 831
    - path: model.h5
      md5: c3cc282d823a85be074db22ead4659d1
      size: 8406328
